
Microsoft Visual Studio Solution File, Format Version 12.00
Project("{FAE04EC0-301F-11D3-BF4B-00C04F79EFBC}") = "Chapter4_4.2", "Chapter4_4.2\Chapter4_4.2.csproj", "{33494687-27BF-4600-8A8C-5F2425C390F1}"
EndProject
Global
	GlobalSection(SolutionConfigurationPlatforms) = preSolution
		Debug|Any CPU = Debug|Any CPU
		Release|Any CPU = Release|Any CPU
	EndGlobalSection
	GlobalSection(ProjectConfigurationPlatforms) = postSolution
		{33494687-27BF-4600-8A8C-5F2425C390F1}.Debug|Any CPU.ActiveCfg = Debug|Any CPU
		{33494687-27BF-4600-8A8C-5F2425C390F1}.Debug|Any CPU.Build.0 = Debug|Any CPU
		{33494687-27BF-4600-8A8C-5F2425C390F1}.Release|Any CPU.ActiveCfg = Release|Any CPU
		{33494687-27BF-4600-8A8C-5F2425C390F1}.Release|Any CPU.Build.0 = Release|Any CPU
	EndGlobalSection
EndGlobal
